// !$*UTF8*$!
{
	archiveVersion = 1;
	classes = {
	};
	objectVersion = 46;
	objects = {

/* Begin PBXBuildFile section */
		0D48ADBA1D0C1D2100634955 /* UUIDResisterViewController.swift in Sources */ = {isa = PBXBuildFile; fileRef = 0D48ADB91D0C1D2100634955 /* UUIDResisterViewController.swift */; };
		0D48ADBE1D0C1DAF00634955 /* OrderListViewController.swift in Sources */ = {isa = PBXBuildFile; fileRef = 0D48ADBD1D0C1DAF00634955 /* OrderListViewController.swift */; };
		0D48ADC01D0C1DF200634955 /* OrderConfirmViewController.swift in Sources */ = {isa = PBXBuildFile; fileRef = 0D48ADBF1D0C1DF200634955 /* OrderConfirmViewController.swift */; };
		0D48ADC21D0C1E2800634955 /* ChildStateViewController.swift in Sources */ = {isa = PBXBuildFile; fileRef = 0D48ADC11D0C1E2800634955 /* ChildStateViewController.swift */; };
		0DEE05BA1D0C251D00A646B1 /* Request.swift in Sources */ = {isa = PBXBuildFile; fileRef = 0DEE05B91D0C251D00A646B1 /* Request.swift */; };
		0DEE05BC1D0C490800A646B1 /* SwiftyJSON.swift in Sources */ = {isa = PBXBuildFile; fileRef = 0DEE05BB1D0C490800A646B1 /* SwiftyJSON.swift */; };
		0DEE05BE1D0C6EEA00A646B1 /* SelectOrderCellData.swift in Sources */ = {isa = PBXBuildFile; fileRef = 0DEE05BD1D0C6EEA00A646B1 /* SelectOrderCellData.swift */; };
		0DEE05C01D0C6F7200A646B1 /* SelectOrderTableViewCell.swift in Sources */ = {isa = PBXBuildFile; fileRef = 0DEE05BF1D0C6F7200A646B1 /* SelectOrderTableViewCell.swift */; };
		0DEE05CA1D0C78C200A646B1 /* select.png in Resources */ = {isa = PBXBuildFile; fileRef = 0DEE05C61D0C78C200A646B1 /* select.png */; };
		0DEE05CB1D0C78C200A646B1 /* shopping_back3.png in Resources */ = {isa = PBXBuildFile; fileRef = 0DEE05C71D0C78C200A646B1 /* shopping_back3.png */; };
		0DEE05CC1D0C78C200A646B1 /* shopping_go3.png in Resources */ = {isa = PBXBuildFile; fileRef = 0DEE05C81D0C78C200A646B1 /* shopping_go3.png */; };
		0DEE05CE1D0C799700A646B1 /* log2.png in Resources */ = {isa = PBXBuildFile; fileRef = 0DEE05CD1D0C799700A646B1 /* log2.png */; };
		0DEE05D11D0C79CC00A646B1 /* pulas.png in Resources */ = {isa = PBXBuildFile; fileRef = 0DEE05CF1D0C79CC00A646B1 /* pulas.png */; };
		0DEE05D21D0C79CC00A646B1 /* minas.png in Resources */ = {isa = PBXBuildFile; fileRef = 0DEE05D01D0C79CC00A646B1 /* minas.png */; };
		0DEE05D51D0C7A8600A646B1 /* miruki-sleep.png in Resources */ = {isa = PBXBuildFile; fileRef = 0DEE05D31D0C7A8600A646B1 /* miruki-sleep.png */; };
		0DEE05D61D0C7A8600A646B1 /* miruki.png in Resources */ = {isa = PBXBuildFile; fileRef = 0DEE05D41D0C7A8600A646B1 /* miruki.png */; };
		0DEE05D81D0C90FD00A646B1 /* SelectedOrderTableViewCell.swift in Sources */ = {isa = PBXBuildFile; fileRef = 0DEE05D71D0C90FD00A646B1 /* SelectedOrderTableViewCell.swift */; };
		2C4E2DE71D0BA2ED009F069D /* AppDelegate.swift in Sources */ = {isa = PBXBuildFile; fileRef = 2C4E2DE61D0BA2ED009F069D /* AppDelegate.swift */; };
		2C4E2DE91D0BA2ED009F069D /* MainViewController.swift in Sources */ = {isa = PBXBuildFile; fileRef = 2C4E2DE81D0BA2ED009F069D /* MainViewController.swift */; };
		2C4E2DEC1D0BA2ED009F069D /* Main.storyboard in Resources */ = {isa = PBXBuildFile; fileRef = 2C4E2DEA1D0BA2ED009F069D /* Main.storyboard */; };
		2C4E2DEE1D0BA2ED009F069D /* Assets.xcassets in Resources */ = {isa = PBXBuildFile; fileRef = 2C4E2DED1D0BA2ED009F069D /* Assets.xcassets */; };
		2C4E2DF11D0BA2ED009F069D /* LaunchScreen.storyboard in Resources */ = {isa = PBXBuildFile; fileRef = 2C4E2DEF1D0BA2ED009F069D /* LaunchScreen.storyboard */; };
		2C4E2DFC1D0BA2ED009F069D /* newmarketTests.swift in Sources */ = {isa = PBXBuildFile; fileRef = 2C4E2DFB1D0BA2ED009F069D /* newmarketTests.swift */; };
		2C4E2E071D0BA2ED009F069D /* newmarketUITests.swift in Sources */ = {isa = PBXBuildFile; fileRef = 2C4E2E061D0BA2ED009F069D /* newmarketUITests.swift */; };
		2C4E2E221D0C1049009F069D /* back.png in Resources */ = {isa = PBXBuildFile; fileRef = 2C4E2E191D0C1049009F069D /* back.png */; };
		2C4E2E231D0C1049009F069D /* background.png in Resources */ = {isa = PBXBuildFile; fileRef = 2C4E2E1A1D0C1049009F069D /* background.png */; };
		2C4E2E241D0C1049009F069D /* bottan.png in Resources */ = {isa = PBXBuildFile; fileRef = 2C4E2E1B1D0C1049009F069D /* bottan.png */; };
		2C4E2E251D0C1049009F069D /* kiholder.png in Resources */ = {isa = PBXBuildFile; fileRef = 2C4E2E1C1D0C1049009F069D /* kiholder.png */; };
		2C4E2E271D0C1049009F069D /* next2.png in Resources */ = {isa = PBXBuildFile; fileRef = 2C4E2E1E1D0C1049009F069D /* next2.png */; };
		327601227B38170DC7B4C789 /* Pods_newmarketTests.framework in Frameworks */ = {isa = PBXBuildFile; fileRef = B7542114D31B79C40A5DDEF2 /* Pods_newmarketTests.framework */; };
		599778C480A7958F6A160B9C /* Pods_newmarketUITests.framework in Frameworks */ = {isa = PBXBuildFile; fileRef = F5DF81B3BC17CCD3F5A10AF4 /* Pods_newmarketUITests.framework */; };
		E1FA1ABEE52A58A53780429D /* Pods_newmarket.framework in Frameworks */ = {isa = PBXBuildFile; fileRef = 4AA0A8DE099E5044C7AD2DF3 /* Pods_newmarket.framework */; };
/* End PBXBuildFile section */

/* Begin PBXContainerItemProxy section */
		2C4E2DF81D0BA2ED009F069D /* PBXContainerItemProxy */ = {
			isa = PBXContainerItemProxy;
			containerPortal = 2C4E2DDB1D0BA2ED009F069D /* Project object */;
			proxyType = 1;
			remoteGlobalIDString = 2C4E2DE21D0BA2ED009F069D;
			remoteInfo = newmarket;
		};
		2C4E2E031D0BA2ED009F069D /* PBXContainerItemProxy */ = {
			isa = PBXContainerItemProxy;
			containerPortal = 2C4E2DDB1D0BA2ED009F069D /* Project object */;
			proxyType = 1;
			remoteGlobalIDString = 2C4E2DE21D0BA2ED009F069D;
			remoteInfo = newmarket;
		};
/* End PBXContainerItemProxy section */

/* Begin PBXFileReference section */
		0B43D2032B7C3E115F9152F7 /* Pods-newmarket.release.xcconfig */ = {isa = PBXFileReference; includeInIndex = 1; lastKnownFileType = text.xcconfig; name = "Pods-newmarket.release.xcconfig"; path = "Pods/Target Support Files/Pods-newmarket/Pods-newmarket.release.xcconfig"; sourceTree = "<group>"; };
		0D48ADB91D0C1D2100634955 /* UUIDResisterViewController.swift */ = {isa = PBXFileReference; fileEncoding = 4; lastKnownFileType = sourcecode.swift; path = UUIDResisterViewController.swift; sourceTree = "<group>"; };
		0D48ADBD1D0C1DAF00634955 /* OrderListViewController.swift */ = {isa = PBXFileReference; fileEncoding = 4; lastKnownFileType = sourcecode.swift; path = OrderListViewController.swift; sourceTree = "<group>"; };
		0D48ADBF1D0C1DF200634955 /* OrderConfirmViewController.swift */ = {isa = PBXFileReference; fileEncoding = 4; lastKnownFileType = sourcecode.swift; path = OrderConfirmViewController.swift; sourceTree = "<group>"; };
		0D48ADC11D0C1E2800634955 /* ChildStateViewController.swift */ = {isa = PBXFileReference; fileEncoding = 4; lastKnownFileType = sourcecode.swift; path = ChildStateViewController.swift; sourceTree = "<group>"; };
		0DEE05B91D0C251D00A646B1 /* Request.swift */ = {isa = PBXFileReference; fileEncoding = 4; lastKnownFileType = sourcecode.swift; path = Request.swift; sourceTree = "<group>"; };
		0DEE05BB1D0C490800A646B1 /* SwiftyJSON.swift */ = {isa = PBXFileReference; fileEncoding = 4; lastKnownFileType = sourcecode.swift; path = SwiftyJSON.swift; sourceTree = "<group>"; };
		0DEE05BD1D0C6EEA00A646B1 /* SelectOrderCellData.swift */ = {isa = PBXFileReference; fileEncoding = 4; lastKnownFileType = sourcecode.swift; path = SelectOrderCellData.swift; sourceTree = "<group>"; };
		0DEE05BF1D0C6F7200A646B1 /* SelectOrderTableViewCell.swift */ = {isa = PBXFileReference; fileEncoding = 4; lastKnownFileType = sourcecode.swift; path = SelectOrderTableViewCell.swift; sourceTree = "<group>"; };
		0DEE05C61D0C78C200A646B1 /* select.png */ = {isa = PBXFileReference; lastKnownFileType = image.png; path = select.png; sourceTree = "<group>"; };
		0DEE05C71D0C78C200A646B1 /* shopping_back3.png */ = {isa = PBXFileReference; lastKnownFileType = image.png; path = shopping_back3.png; sourceTree = "<group>"; };
		0DEE05C81D0C78C200A646B1 /* shopping_go3.png */ = {isa = PBXFileReference; lastKnownFileType = image.png; path = shopping_go3.png; sourceTree = "<group>"; };
		0DEE05CD1D0C799700A646B1 /* log2.png */ = {isa = PBXFileReference; lastKnownFileType = image.png; path = log2.png; sourceTree = "<group>"; };
		0DEE05CF1D0C79CC00A646B1 /* pulas.png */ = {isa = PBXFileReference; lastKnownFileType = image.png; path = pulas.png; sourceTree = "<group>"; };
		0DEE05D01D0C79CC00A646B1 /* minas.png */ = {isa = PBXFileReference; lastKnownFileType = image.png; path = minas.png; sourceTree = "<group>"; };
		0DEE05D31D0C7A8600A646B1 /* miruki-sleep.png */ = {isa = PBXFileReference; lastKnownFileType = image.png; path = "miruki-sleep.png"; sourceTree = "<group>"; };
		0DEE05D41D0C7A8600A646B1 /* miruki.png */ = {isa = PBXFileReference; lastKnownFileType = image.png; path = miruki.png; sourceTree = "<group>"; };
		0DEE05D71D0C90FD00A646B1 /* SelectedOrderTableViewCell.swift */ = {isa = PBXFileReference; fileEncoding = 4; lastKnownFileType = sourcecode.swift; path = SelectedOrderTableViewCell.swift; sourceTree = "<group>"; };
		2C4E2DE31D0BA2ED009F069D /* newmarket.app */ = {isa = PBXFileReference; explicitFileType = wrapper.application; includeInIndex = 0; path = newmarket.app; sourceTree = BUILT_PRODUCTS_DIR; };
		2C4E2DE61D0BA2ED009F069D /* AppDelegate.swift */ = {isa = PBXFileReference; lastKnownFileType = sourcecode.swift; path = AppDelegate.swift; sourceTree = "<group>"; };
		2C4E2DE81D0BA2ED009F069D /* MainViewController.swift */ = {isa = PBXFileReference; lastKnownFileType = sourcecode.swift; path = MainViewController.swift; sourceTree = "<group>"; };
		2C4E2DEB1D0BA2ED009F069D /* Base */ = {isa = PBXFileReference; lastKnownFileType = file.storyboard; name = Base; path = Base.lproj/Main.storyboard; sourceTree = "<group>"; };
		2C4E2DED1D0BA2ED009F069D /* Assets.xcassets */ = {isa = PBXFileReference; lastKnownFileType = folder.assetcatalog; path = Assets.xcassets; sourceTree = "<group>"; };
		2C4E2DF01D0BA2ED009F069D /* Base */ = {isa = PBXFileReference; lastKnownFileType = file.storyboard; name = Base; path = Base.lproj/LaunchScreen.storyboard; sourceTree = "<group>"; };
		2C4E2DF21D0BA2ED009F069D /* Info.plist */ = {isa = PBXFileReference; lastKnownFileType = text.plist.xml; path = Info.plist; sourceTree = "<group>"; };
		2C4E2DF71D0BA2ED009F069D /* newmarketTests.xctest */ = {isa = PBXFileReference; explicitFileType = wrapper.cfbundle; includeInIndex = 0; path = newmarketTests.xctest; sourceTree = BUILT_PRODUCTS_DIR; };
		2C4E2DFB1D0BA2ED009F069D /* newmarketTests.swift */ = {isa = PBXFileReference; lastKnownFileType = sourcecode.swift; path = newmarketTests.swift; sourceTree = "<group>"; };
		2C4E2DFD1D0BA2ED009F069D /* Info.plist */ = {isa = PBXFileReference; lastKnownFileType = text.plist.xml; path = Info.plist; sourceTree = "<group>"; };
		2C4E2E021D0BA2ED009F069D /* newmarketUITests.xctest */ = {isa = PBXFileReference; explicitFileType = wrapper.cfbundle; includeInIndex = 0; path = newmarketUITests.xctest; sourceTree = BUILT_PRODUCTS_DIR; };
		2C4E2E061D0BA2ED009F069D /* newmarketUITests.swift */ = {isa = PBXFileReference; lastKnownFileType = sourcecode.swift; path = newmarketUITests.swift; sourceTree = "<group>"; };
		2C4E2E081D0BA2ED009F069D /* Info.plist */ = {isa = PBXFileReference; lastKnownFileType = text.plist.xml; path = Info.plist; sourceTree = "<group>"; };
		2C4E2E191D0C1049009F069D /* back.png */ = {isa = PBXFileReference; lastKnownFileType = image.png; path = back.png; sourceTree = "<group>"; };
		2C4E2E1A1D0C1049009F069D /* background.png */ = {isa = PBXFileReference; lastKnownFileType = image.png; path = background.png; sourceTree = "<group>"; };
		2C4E2E1B1D0C1049009F069D /* bottan.png */ = {isa = PBXFileReference; lastKnownFileType = image.png; path = bottan.png; sourceTree = "<group>"; };
		2C4E2E1C1D0C1049009F069D /* kiholder.png */ = {isa = PBXFileReference; lastKnownFileType = image.png; path = kiholder.png; sourceTree = "<group>"; };
		2C4E2E1E1D0C1049009F069D /* next2.png */ = {isa = PBXFileReference; lastKnownFileType = image.png; path = next2.png; sourceTree = "<group>"; };
		471C0725AD290B5233F51706 /* Pods-newmarketUITests.release.xcconfig */ = {isa = PBXFileReference; includeInIndex = 1; lastKnownFileType = text.xcconfig; name = "Pods-newmarketUITests.release.xcconfig"; path = "Pods/Target Support Files/Pods-newmarketUITests/Pods-newmarketUITests.release.xcconfig"; sourceTree = "<group>"; };
		4AA0A8DE099E5044C7AD2DF3 /* Pods_newmarket.framework */ = {isa = PBXFileReference; explicitFileType = wrapper.framework; includeInIndex = 0; path = Pods_newmarket.framework; sourceTree = BUILT_PRODUCTS_DIR; };
		4D4E32FAB7D24F32D18C7E30 /* Pods-newmarketTests.debug.xcconfig */ = {isa = PBXFileReference; includeInIndex = 1; lastKnownFileType = text.xcconfig; name = "Pods-newmarketTests.debug.xcconfig"; path = "Pods/Target Support Files/Pods-newmarketTests/Pods-newmarketTests.debug.xcconfig"; sourceTree = "<group>"; };
		8A8E936AE6DC28AE7D17C289 /* Pods-newmarket.debug.xcconfig */ = {isa = PBXFileReference; includeInIndex = 1; lastKnownFileType = text.xcconfig; name = "Pods-newmarket.debug.xcconfig"; path = "Pods/Target Support Files/Pods-newmarket/Pods-newmarket.debug.xcconfig"; sourceTree = "<group>"; };
		B5505426942D215C3411FA39 /* Pods-newmarketUITests.debug.xcconfig */ = {isa = PBXFileReference; includeInIndex = 1; lastKnownFileType = text.xcconfig; name = "Pods-newmarketUITests.debug.xcconfig"; path = "Pods/Target Support Files/Pods-newmarketUITests/Pods-newmarketUITests.debug.xcconfig"; sourceTree = "<group>"; };
		B7542114D31B79C40A5DDEF2 /* Pods_newmarketTests.framework */ = {isa = PBXFileReference; explicitFileType = wrapper.framework; includeInIndex = 0; path = Pods_newmarketTests.framework; sourceTree = BUILT_PRODUCTS_DIR; };
		C181A29B1E102A2A651AD151 /* Pods-newmarketTests.release.xcconfig */ = {isa = PBXFileReference; includeInIndex = 1; lastKnownFileType = text.xcconfig; name = "Pods-newmarketTests.release.xcconfig"; path = "Pods/Target Support Files/Pods-newmarketTests/Pods-newmarketTests.release.xcconfig"; sourceTree = "<group>"; };
		F5DF81B3BC17CCD3F5A10AF4 /* Pods_newmarketUITests.framework */ = {isa = PBXFileReference; explicitFileType = wrapper.framework; includeInIndex = 0; path = Pods_newmarketUITests.framework; sourceTree = BUILT_PRODUCTS_DIR; };
/* End PBXFileReference section */

/* Begin PBXFrameworksBuildPhase section */
		2C4E2DE01D0BA2ED009F069D /* Frameworks */ = {
			isa = PBXFrameworksBuildPhase;
			buildActionMask = 2147483647;
			files = (
				E1FA1ABEE52A58A53780429D /* Pods_newmarket.framework in Frameworks */,
			);
			runOnlyForDeploymentPostprocessing = 0;
		};
		2C4E2DF41D0BA2ED009F069D /* Frameworks */ = {
			isa = PBXFrameworksBuildPhase;
			buildActionMask = 2147483647;
			files = (
				327601227B38170DC7B4C789 /* Pods_newmarketTests.framework in Frameworks */,
			);
			runOnlyForDeploymentPostprocessing = 0;
		};
		2C4E2DFF1D0BA2ED009F069D /* Frameworks */ = {
			isa = PBXFrameworksBuildPhase;
			buildActionMask = 2147483647;
			files = (
				599778C480A7958F6A160B9C /* Pods_newmarketUITests.framework in Frameworks */,
			);
			runOnlyForDeploymentPostprocessing = 0;
		};
/* End PBXFrameworksBuildPhase section */

/* Begin PBXGroup section */
		0C6263344C9F53ED82DE5787 /* Frameworks */ = {
			isa = PBXGroup;
			children = (
				4AA0A8DE099E5044C7AD2DF3 /* Pods_newmarket.framework */,
				B7542114D31B79C40A5DDEF2 /* Pods_newmarketTests.framework */,
				F5DF81B3BC17CCD3F5A10AF4 /* Pods_newmarketUITests.framework */,
			);
			name = Frameworks;
			sourceTree = "<group>";
		};
		2C4E2DDA1D0BA2ED009F069D = {
			isa = PBXGroup;
			children = (
				2C4E2DE51D0BA2ED009F069D /* newmarket */,
				2C4E2DFA1D0BA2ED009F069D /* newmarketTests */,
				2C4E2E051D0BA2ED009F069D /* newmarketUITests */,
				2C4E2DE41D0BA2ED009F069D /* Products */,
				6CA5C2149D7AC8F46F91AF41 /* Pods */,
				0C6263344C9F53ED82DE5787 /* Frameworks */,
			);
			sourceTree = "<group>";
		};
		2C4E2DE41D0BA2ED009F069D /* Products */ = {
			isa = PBXGroup;
			children = (
				2C4E2DE31D0BA2ED009F069D /* newmarket.app */,
				2C4E2DF71D0BA2ED009F069D /* newmarketTests.xctest */,
				2C4E2E021D0BA2ED009F069D /* newmarketUITests.xctest */,
			);
			name = Products;
			sourceTree = "<group>";
		};
		2C4E2DE51D0BA2ED009F069D /* newmarket */ = {
			isa = PBXGroup;
			children = (
				2C4E2E171D0C1023009F069D /* image */,
				2C4E2DE61D0BA2ED009F069D /* AppDelegate.swift */,
				0DEE05BB1D0C490800A646B1 /* SwiftyJSON.swift */,
				2C4E2DE81D0BA2ED009F069D /* MainViewController.swift */,
				2C4E2DEA1D0BA2ED009F069D /* Main.storyboard */,
				2C4E2DED1D0BA2ED009F069D /* Assets.xcassets */,
				2C4E2DEF1D0BA2ED009F069D /* LaunchScreen.storyboard */,
				2C4E2DF21D0BA2ED009F069D /* Info.plist */,
				0D48ADB91D0C1D2100634955 /* UUIDResisterViewController.swift */,
				0D48ADBD1D0C1DAF00634955 /* OrderListViewController.swift */,
				0D48ADBF1D0C1DF200634955 /* OrderConfirmViewController.swift */,
				0D48ADC11D0C1E2800634955 /* ChildStateViewController.swift */,
				0DEE05B91D0C251D00A646B1 /* Request.swift */,
				0DEE05BD1D0C6EEA00A646B1 /* SelectOrderCellData.swift */,
				0DEE05BF1D0C6F7200A646B1 /* SelectOrderTableViewCell.swift */,
				0DEE05D71D0C90FD00A646B1 /* SelectedOrderTableViewCell.swift */,
			);
			path = newmarket;
			sourceTree = "<group>";
		};
		2C4E2DFA1D0BA2ED009F069D /* newmarketTests */ = {
			isa = PBXGroup;
			children = (
				2C4E2DFB1D0BA2ED009F069D /* newmarketTests.swift */,
				2C4E2DFD1D0BA2ED009F069D /* Info.plist */,
			);
			path = newmarketTests;
			sourceTree = "<group>";
		};
		2C4E2E051D0BA2ED009F069D /* newmarketUITests */ = {
			isa = PBXGroup;
			children = (
				2C4E2E061D0BA2ED009F069D /* newmarketUITests.swift */,
				2C4E2E081D0BA2ED009F069D /* Info.plist */,
			);
			path = newmarketUITests;
			sourceTree = "<group>";
		};
		2C4E2E171D0C1023009F069D /* image */ = {
			isa = PBXGroup;
			children = (
				2C4E2E191D0C1049009F069D /* back.png */,
				2C4E2E1A1D0C1049009F069D /* background.png */,
				0DEE05C61D0C78C200A646B1 /* select.png */,
				0DEE05C71D0C78C200A646B1 /* shopping_back3.png */,
				0DEE05CF1D0C79CC00A646B1 /* pulas.png */,
				0DEE05D01D0C79CC00A646B1 /* minas.png */,
				0DEE05C81D0C78C200A646B1 /* shopping_go3.png */,
				2C4E2E1B1D0C1049009F069D /* bottan.png */,
				0DEE05CD1D0C799700A646B1 /* log2.png */,
				2C4E2E1C1D0C1049009F069D /* kiholder.png */,
				0DEE05D31D0C7A8600A646B1 /* miruki-sleep.png */,
				0DEE05D41D0C7A8600A646B1 /* miruki.png */,
				2C4E2E1E1D0C1049009F069D /* next2.png */,
			);
			name = image;
			sourceTree = "<group>";
		};
		6CA5C2149D7AC8F46F91AF41 /* Pods */ = {
			isa = PBXGroup;
			children = (
				8A8E936AE6DC28AE7D17C289 /* Pods-newmarket.debug.xcconfig */,
				0B43D2032B7C3E115F9152F7 /* Pods-newmarket.release.xcconfig */,
				4D4E32FAB7D24F32D18C7E30 /* Pods-newmarketTests.debug.xcconfig */,
				C181A29B1E102A2A651AD151 /* Pods-newmarketTests.release.xcconfig */,
				B5505426942D215C3411FA39 /* Pods-newmarketUITests.debug.xcconfig */,
				471C0725AD290B5233F51706 /* Pods-newmarketUITests.release.xcconfig */,
			);
			name = Pods;
			sourceTree = "<group>";
		};
/* End PBXGroup section */

/* Begin PBXNativeTarget section */
		2C4E2DE21D0BA2ED009F069D /* newmarket */ = {
			isa = PBXNativeTarget;
			buildConfigurationList = 2C4E2E0B1D0BA2ED009F069D /* Build configuration list for PBXNativeTarget "newmarket" */;
			buildPhases = (
				92AFBC56CF9C54F50CF18CCE /* 📦 Check Pods Manifest.lock */,
				2C4E2DDF1D0BA2ED009F069D /* Sources */,
				2C4E2DE01D0BA2ED009F069D /* Frameworks */,
				2C4E2DE11D0BA2ED009F069D /* Resources */,
				512DB5AADB0F89B2E5053289 /* 📦 Embed Pods Frameworks */,
				C41990BA1B0CC56E40A0F0C4 /* 📦 Copy Pods Resources */,
			);
			buildRules = (
			);
			dependencies = (
			);
			name = newmarket;
			productName = newmarket;
			productReference = 2C4E2DE31D0BA2ED009F069D /* newmarket.app */;
			productType = "com.apple.product-type.application";
		};
		2C4E2DF61D0BA2ED009F069D /* newmarketTests */ = {
			isa = PBXNativeTarget;
			buildConfigurationList = 2C4E2E0E1D0BA2ED009F069D /* Build configuration list for PBXNativeTarget "newmarketTests" */;
			buildPhases = (
				37899853D651005E0970C12C /* 📦 Check Pods Manifest.lock */,
				2C4E2DF31D0BA2ED009F069D /* Sources */,
				2C4E2DF41D0BA2ED009F069D /* Frameworks */,
				2C4E2DF51D0BA2ED009F069D /* Resources */,
				DC887FC92B8C68D0A4AD1DEB /* 📦 Embed Pods Frameworks */,
				88408BACD5ECD9CAF49BEB84 /* 📦 Copy Pods Resources */,
			);
			buildRules = (
			);
			dependencies = (
				2C4E2DF91D0BA2ED009F069D /* PBXTargetDependency */,
			);
			name = newmarketTests;
			productName = newmarketTests;
			productReference = 2C4E2DF71D0BA2ED009F069D /* newmarketTests.xctest */;
			productType = "com.apple.product-type.bundle.unit-test";
		};
		2C4E2E011D0BA2ED009F069D /* newmarketUITests */ = {
			isa = PBXNativeTarget;
			buildConfigurationList = 2C4E2E111D0BA2ED009F069D /* Build configuration list for PBXNativeTarget "newmarketUITests" */;
			buildPhases = (
				15E9CC195388C7D77436AC47 /* 📦 Check Pods Manifest.lock */,
				2C4E2DFE1D0BA2ED009F069D /* Sources */,
				2C4E2DFF1D0BA2ED009F069D /* Frameworks */,
				2C4E2E001D0BA2ED009F069D /* Resources */,
				7219DAF674C3B03E0553F1B5 /* 📦 Copy Pods Resources */,
			);
			buildRules = (
			);
			dependencies = (
				2C4E2E041D0BA2ED009F069D /* PBXTargetDependency */,
			);
			name = newmarketUITests;
			productName = newmarketUITests;
			productReference = 2C4E2E021D0BA2ED009F069D /* newmarketUITests.xctest */;
			productType = "com.apple.product-type.bundle.ui-testing";
		};
/* End PBXNativeTarget section */

/* Begin PBXProject section */
		2C4E2DDB1D0BA2ED009F069D /* Project object */ = {
			isa = PBXProject;
			attributes = {
				LastSwiftUpdateCheck = 0730;
				LastUpgradeCheck = 0730;
				ORGANIZATIONNAME = "tsuka-mac-mini";
				TargetAttributes = {
					2C4E2DE21D0BA2ED009F069D = {
						CreatedOnToolsVersion = 7.3.1;
						DevelopmentTeam = H543XE4ASB;
					};
					2C4E2DF61D0BA2ED009F069D = {
						CreatedOnToolsVersion = 7.3.1;
						TestTargetID = 2C4E2DE21D0BA2ED009F069D;
					};
					2C4E2E011D0BA2ED009F069D = {
						CreatedOnToolsVersion = 7.3.1;
						TestTargetID = 2C4E2DE21D0BA2ED009F069D;
					};
				};
			};
			buildConfigurationList = 2C4E2DDE1D0BA2ED009F069D /* Build configuration list for PBXProject "newmarket" */;
			compatibilityVersion = "Xcode 3.2";
			developmentRegion = English;
			hasScannedForEncodings = 0;
			knownRegions = (
				en,
				Base,
			);
			mainGroup = 2C4E2DDA1D0BA2ED009F069D;
			productRefGroup = 2C4E2DE41D0BA2ED009F069D /* Products */;
			projectDirPath = "";
			projectRoot = "";
			targets = (
				2C4E2DE21D0BA2ED009F069D /* newmarket */,
				2C4E2DF61D0BA2ED009F069D /* newmarketTests */,
				2C4E2E011D0BA2ED009F069D /* newmarketUITests */,
			);
		};
/* End PBXProject section */

/* Begin PBXResourcesBuildPhase section */
		2C4E2DE11D0BA2ED009F069D /* Resources */ = {
			isa = PBXResourcesBuildPhase;
			buildActionMask = 2147483647;
			files = (
				0DEE05CB1D0C78C200A646B1 /* shopping_back3.png in Resources */,
				2C4E2E251D0C1049009F069D /* kiholder.png in Resources */,
				2C4E2E231D0C1049009F069D /* background.png in Resources */,
				2C4E2E241D0C1049009F069D /* bottan.png in Resources */,
				0DEE05D51D0C7A8600A646B1 /* miruki-sleep.png in Resources */,
				2C4E2E271D0C1049009F069D /* next2.png in Resources */,
				0DEE05D11D0C79CC00A646B1 /* pulas.png in Resources */,
				2C4E2E221D0C1049009F069D /* back.png in Resources */,
				0DEE05CE1D0C799700A646B1 /* log2.png in Resources */,
				2C4E2DF11D0BA2ED009F069D /* LaunchScreen.storyboard in Resources */,
				2C4E2DEE1D0BA2ED009F069D /* Assets.xcassets in Resources */,
				0DEE05CC1D0C78C200A646B1 /* shopping_go3.png in Resources */,
				2C4E2DEC1D0BA2ED009F069D /* Main.storyboard in Resources */,
				0DEE05D21D0C79CC00A646B1 /* minas.png in Resources */,
				0DEE05D61D0C7A8600A646B1 /* miruki.png in Resources */,
				0DEE05CA1D0C78C200A646B1 /* select.png in Resources */,
			);
			runOnlyForDeploymentPostprocessing = 0;
		};
		2C4E2DF51D0BA2ED009F069D /* Resources */ = {
			isa = PBXResourcesBuildPhase;
			buildActionMask = 2147483647;
			files = (
			);
			runOnlyForDeploymentPostprocessing = 0;
		};
		2C4E2E001D0BA2ED009F069D /* Resources */ = {
			isa = PBXResourcesBuildPhase;
			buildActionMask = 2147483647;
			files = (
			);
			runOnlyForDeploymentPostprocessing = 0;
		};
/* End PBXResourcesBuildPhase section */

/* Begin PBXShellScriptBuildPhase section */
		15E9CC195388C7D77436AC47 /* 📦 Check Pods Manifest.lock */ = {
			isa = PBXShellScriptBuildPhase;
			buildActionMask = 2147483647;
			files = (
			);
			inputPaths = (
			);
			name = "📦 Check Pods Manifest.lock";
			outputPaths = (
			);
			runOnlyForDeploymentPostprocessing = 0;
			shellPath = /bin/sh;
			shellScript = "diff \"${PODS_ROOT}/../Podfile.lock\" \"${PODS_ROOT}/Manifest.lock\" > /dev/null\nif [[ $? != 0 ]] ; then\n    cat << EOM\nerror: The sandbox is not in sync with the Podfile.lock. Run 'pod install' or update your CocoaPods installation.\nEOM\n    exit 1\nfi\n";
			showEnvVarsInLog = 0;
		};
		37899853D651005E0970C12C /* 📦 Check Pods Manifest.lock */ = {
			isa = PBXShellScriptBuildPhase;
			buildActionMask = 2147483647;
			files = (
			);
			inputPaths = (
			);
			name = "📦 Check Pods Manifest.lock";
			outputPaths = (
			);
			runOnlyForDeploymentPostprocessing = 0;
			shellPath = /bin/sh;
			shellScript = "diff \"${PODS_ROOT}/../Podfile.lock\" \"${PODS_ROOT}/Manifest.lock\" > /dev/null\nif [[ $? != 0 ]] ; then\n    cat << EOM\nerror: The sandbox is not in sync with the Podfile.lock. Run 'pod install' or update your CocoaPods installation.\nEOM\n    exit 1\nfi\n";
			showEnvVarsInLog = 0;
		};
		512DB5AADB0F89B2E5053289 /* 📦 Embed Pods Frameworks */ = {
			isa = PBXShellScriptBuildPhase;
			buildActionMask = 2147483647;
			files = (
			);
			inputPaths = (
			);
			name = "📦 Embed Pods Frameworks";
			outputPaths = (
			);
			runOnlyForDeploymentPostprocessing = 0;
			shellPath = /bin/sh;
			shellScript = "\"${SRCROOT}/Pods/Target Support Files/Pods-newmarket/Pods-newmarket-frameworks.sh\"\n";
			showEnvVarsInLog = 0;
		};
		7219DAF674C3B03E0553F1B5 /* 📦 Copy Pods Resources */ = {
			isa = PBXShellScriptBuildPhase;
			buildActionMask = 2147483647;
			files = (
			);
			inputPaths = (
			);
			name = "📦 Copy Pods Resources";
			outputPaths = (
			);
			runOnlyForDeploymentPostprocessing = 0;
			shellPath = /bin/sh;
			shellScript = "\"${SRCROOT}/Pods/Target Support Files/Pods-newmarketUITests/Pods-newmarketUITests-resources.sh\"\n";
			showEnvVarsInLog = 0;
		};
		88408BACD5ECD9CAF49BEB84 /* 📦 Copy Pods Resources */ = {
			isa = PBXShellScriptBuildPhase;
			buildActionMask = 2147483647;
			files = (
			);
			inputPaths = (
			);
			name = "📦 Copy Pods Resources";
			outputPaths = (
			);
			runOnlyForDeploymentPostprocessing = 0;
			shellPath = /bin/sh;
			shellScript = "\"${SRCROOT}/Pods/Target Support Files/Pods-newmarketTests/Pods-newmarketTests-resources.sh\"\n";
			showEnvVarsInLog = 0;
		};
		92AFBC56CF9C54F50CF18CCE /* 📦 Check Pods Manifest.lock */ = {
			isa = PBXShellScriptBuildPhase;
			buildActionMask = 2147483647;
			files = (
			);
			inputPaths = (
			);
			name = "📦 Check Pods Manifest.lock";
			outputPaths = (
			);
			runOnlyForDeploymentPostprocessing = 0;
			shellPath = /bin/sh;
			shellScript = "diff \"${PODS_ROOT}/../Podfile.lock\" \"${PODS_ROOT}/Manifest.lock\" > /dev/null\nif [[ $? != 0 ]] ; then\n    cat << EOM\nerror: The sandbox is not in sync with the Podfile.lock. Run 'pod install' or update your CocoaPods installation.\nEOM\n    exit 1\nfi\n";
			showEnvVarsInLog = 0;
		};
		C41990BA1B0CC56E40A0F0C4 /* 📦 Copy Pods Resources */ = {
			isa = PBXShellScriptBuildPhase;
			buildActionMask = 2147483647;
			files = (
			);
			inputPaths = (
			);
			name = "📦 Copy Pods Resources";
			outputPaths = (
			);
			runOnlyForDeploymentPostprocessing = 0;
			shellPath = /bin/sh;
			shellScript = "\"${SRCROOT}/Pods/Target Support Files/Pods-newmarket/Pods-newmarket-resources.sh\"\n";
			showEnvVarsInLog = 0;
		};
		DC887FC92B8C68D0A4AD1DEB /* 📦 Embed Pods Frameworks */ = {
			isa = PBXShellScriptBuildPhase;
			buildActionMask = 2147483647;
			files = (
			);
			inputPaths = (
			);
			name = "📦 Embed Pods Frameworks";
			outputPaths = (
			);
			runOnlyForDeploymentPostprocessing = 0;
			shellPath = /bin/sh;
			shellScript = "\"${SRCROOT}/Pods/Target Support Files/Pods-newmarketTests/Pods-newmarketTests-frameworks.sh\"\n";
			showEnvVarsInLog = 0;
		};
/* End PBXShellScriptBuildPhase section */

/* Begin PBXSourcesBuildPhase section */
		2C4E2DDF1D0BA2ED009F069D /* Sources */ = {
			isa = PBXSourcesBuildPhase;
			buildActionMask = 2147483647;
			files = (
				0D48ADC01D0C1DF200634955 /* OrderConfirmViewController.swift in Sources */,
				0DEE05BA1D0C251D00A646B1 /* Request.swift in Sources */,
				0DEE05C01D0C6F7200A646B1 /* SelectOrderTableViewCell.swift in Sources */,
				0DEE05D81D0C90FD00A646B1 /* SelectedOrderTableViewCell.swift in Sources */,
				0D48ADBE1D0C1DAF00634955 /* OrderListViewController.swift in Sources */,
				2C4E2DE91D0BA2ED009F069D /* MainViewController.swift in Sources */,
				0D48ADC21D0C1E2800634955 /* ChildStateViewController.swift in Sources */,
				0DEE05BC1D0C490800A646B1 /* SwiftyJSON.swift in Sources */,
				0D48ADBA1D0C1D2100634955 /* UUIDResisterViewController.swift in Sources */,
				0DEE05BE1D0C6EEA00A646B1 /* SelectOrderCellData.swift in Sources */,
				2C4E2DE71D0BA2ED009F069D /* AppDelegate.swift in Sources */,
			);
			runOnlyForDeploymentPostprocessing = 0;
		};
		2C4E2DF31D0BA2ED009F069D /* Sources */ = {
			isa = PBXSourcesBuildPhase;
			buildActionMask = 2147483647;
			files = (
				2C4E2DFC1D0BA2ED009F069D /* newmarketTests.swift in Sources */,
			);
			runOnlyForDeploymentPostprocessing = 0;
		};
		2C4E2DFE1D0BA2ED009F069D /* Sources */ = {
			isa = PBXSourcesBuildPhase;
			buildActionMask = 2147483647;
			files = (
				2C4E2E071D0BA2ED009F069D /* newmarketUITests.swift in Sources */,
			);
			runOnlyForDeploymentPostprocessing = 0;
		};
/* End PBXSourcesBuildPhase section */

/* Begin PBXTargetDependency section */
		2C4E2DF91D0BA2ED009F069D /* PBXTargetDependency */ = {
			isa = PBXTargetDependency;
			target = 2C4E2DE21D0BA2ED009F069D /* newmarket */;
			targetProxy = 2C4E2DF81D0BA2ED009F069D /* PBXContainerItemProxy */;
		};
		2C4E2E041D0BA2ED009F069D /* PBXTargetDependency */ = {
			isa = PBXTargetDependency;
			target = 2C4E2DE21D0BA2ED009F069D /* newmarket */;
			targetProxy = 2C4E2E031D0BA2ED009F069D /* PBXContainerItemProxy */;
		};
/* End PBXTargetDependency section */

/* Begin PBXVariantGroup section */
		2C4E2DEA1D0BA2ED009F069D /* Main.storyboard */ = {
			isa = PBXVariantGroup;
			children = (
				2C4E2DEB1D0BA2ED009F069D /* Base */,
			);
			name = Main.storyboard;
			sourceTree = "<group>";
		};
		2C4E2DEF1D0BA2ED009F069D /* LaunchScreen.storyboard */ = {
			isa = PBXVariantGroup;
			children = (
				2C4E2DF01D0BA2ED009F069D /* Base */,
			);
			name = LaunchScreen.storyboard;
			sourceTree = "<group>";
		};
/* End PBXVariantGroup section */

/* Begin XCBuildConfiguration section */
		2C4E2E091D0BA2ED009F069D /* Debug */ = {
			isa = XCBuildConfiguration;
			buildSettings = {
				ALWAYS_SEARCH_USER_PATHS = NO;
				CLANG_ANALYZER_NONNULL = YES;
				CLANG_CXX_LANGUAGE_STANDARD = "gnu++0x";
				CLANG_CXX_LIBRARY = "libc++";
				CLANG_ENABLE_MODULES = YES;
				CLANG_ENABLE_OBJC_ARC = YES;
				CLANG_WARN_BOOL_CONVERSION = YES;
				CLANG_WARN_CONSTANT_CONVERSION = YES;
				CLANG_WARN_DIRECT_OBJC_ISA_USAGE = YES_ERROR;
				CLANG_WARN_EMPTY_BODY = YES;
				CLANG_WARN_ENUM_CONVERSION = YES;
				CLANG_WARN_INT_CONVERSION = YES;
				CLANG_WARN_OBJC_ROOT_CLASS = YES_ERROR;
				CLANG_WARN_UNREACHABLE_CODE = YES;
				CLANG_WARN__DUPLICATE_METHOD_MATCH = YES;
				"CODE_SIGN_IDENTITY[sdk=iphoneos*]" = "iPhone Developer";
				COPY_PHASE_STRIP = NO;
				DEBUG_INFORMATION_FORMAT = dwarf;
				ENABLE_STRICT_OBJC_MSGSEND = YES;
				ENABLE_TESTABILITY = YES;
				GCC_C_LANGUAGE_STANDARD = gnu99;
				GCC_DYNAMIC_NO_PIC = NO;
				GCC_NO_COMMON_BLOCKS = YES;
				GCC_OPTIMIZATION_LEVEL = 0;
				GCC_PREPROCESSOR_DEFINITIONS = (
					"DEBUG=1",
					"$(inherited)",
				);
				GCC_WARN_64_TO_32_BIT_CONVERSION = YES;
				GCC_WARN_ABOUT_RETURN_TYPE = YES_ERROR;
				GCC_WARN_UNDECLARED_SELECTOR = YES;
				GCC_WARN_UNINITIALIZED_AUTOS = YES_AGGRESSIVE;
				GCC_WARN_UNUSED_FUNCTION = YES;
				GCC_WARN_UNUSED_VARIABLE = YES;
				IPHONEOS_DEPLOYMENT_TARGET = 9.3;
				MTL_ENABLE_DEBUG_INFO = YES;
				ONLY_ACTIVE_ARCH = YES;
				SDKROOT = iphoneos;
				SWIFT_OPTIMIZATION_LEVEL = "-Onone";
				TARGETED_DEVICE_FAMILY = "1,2";
			};
			name = Debug;
		};
		2C4E2E0A1D0BA2ED009F069D /* Release */ = {
			isa = XCBuildConfiguration;
			buildSettings = {
				ALWAYS_SEARCH_USER_PATHS = NO;
				CLANG_ANALYZER_NONNULL = YES;
				CLANG_CXX_LANGUAGE_STANDARD = "gnu++0x";
				CLANG_CXX_LIBRARY = "libc++";
				CLANG_ENABLE_MODULES = YES;
				CLANG_ENABLE_OBJC_ARC = YES;
				CLANG_WARN_BOOL_CONVERSION = YES;
				CLANG_WARN_CONSTANT_CONVERSION = YES;
				CLANG_WARN_DIRECT_OBJC_ISA_USAGE = YES_ERROR;
				CLANG_WARN_EMPTY_BODY = YES;
				CLANG_WARN_ENUM_CONVERSION = YES;
				CLANG_WARN_INT_CONVERSION = YES;
				CLANG_WARN_OBJC_ROOT_CLASS = YES_ERROR;
				CLANG_WARN_UNREACHABLE_CODE = YES;
				CLANG_WARN__DUPLICATE_METHOD_MATCH = YES;
				"CODE_SIGN_IDENTITY[sdk=iphoneos*]" = "iPhone Developer";
				COPY_PHASE_STRIP = NO;
				DEBUG_INFORMATION_FORMAT = "dwarf-with-dsym";
				ENABLE_NS_ASSERTIONS = NO;
				ENABLE_STRICT_OBJC_MSGSEND = YES;
				GCC_C_LANGUAGE_STANDARD = gnu99;
				GCC_NO_COMMON_BLOCKS = YES;
				GCC_WARN_64_TO_32_BIT_CONVERSION = YES;
				GCC_WARN_ABOUT_RETURN_TYPE = YES_ERROR;
				GCC_WARN_UNDECLARED_SELECTOR = YES;
				GCC_WARN_UNINITIALIZED_AUTOS = YES_AGGRESSIVE;
				GCC_WARN_UNUSED_FUNCTION = YES;
				GCC_WARN_UNUSED_VARIABLE = YES;
				IPHONEOS_DEPLOYMENT_TARGET = 9.3;
				MTL_ENABLE_DEBUG_INFO = NO;
				SDKROOT = iphoneos;
				TARGETED_DEVICE_FAMILY = "1,2";
				VALIDATE_PRODUCT = YES;
			};
			name = Release;
		};
		2C4E2E0C1D0BA2ED009F069D /* Debug */ = {
			isa = XCBuildConfiguration;
			baseConfigurationReference = 8A8E936AE6DC28AE7D17C289 /* Pods-newmarket.debug.xcconfig */;
			buildSettings = {
				ASSETCATALOG_COMPILER_APPICON_NAME = AppIcon;
				CODE_SIGN_IDENTITY = "iPhone Developer";
				"CODE_SIGN_IDENTITY[sdk=iphoneos*]" = "iPhone Developer";
				INFOPLIST_FILE = newmarket/Info.plist;
				LD_RUNPATH_SEARCH_PATHS = "$(inherited) @executable_path/Frameworks";
				PRODUCT_BUNDLE_IDENTIFIER = "Les-Trois-Mousquetaires-de-HACKSONS.newmarket";
				PRODUCT_NAME = "$(TARGET_NAME)";
				PROVISIONING_PROFILE = "";
			};
			name = Debug;
		};
		2C4E2E0D1D0BA2ED009F069D /* Release */ = {
			isa = XCBuildConfiguration;
			baseConfigurationReference = 0B43D2032B7C3E115F9152F7 /* Pods-newmarket.release.xcconfig */;
			buildSettings = {
				ASSETCATALOG_COMPILER_APPICON_NAME = AppIcon;
				CODE_SIGN_IDENTITY = "iPhone Developer";
				"CODE_SIGN_IDENTITY[sdk=iphoneos*]" = "iPhone Developer";
				INFOPLIST_FILE = newmarket/Info.plist;
				LD_RUNPATH_SEARCH_PATHS = "$(inherited) @executable_path/Frameworks";
				PRODUCT_BUNDLE_IDENTIFIER = "Les-Trois-Mousquetaires-de-HACKSONS.newmarket";
				PRODUCT_NAME = "$(TARGET_NAME)";
				PROVISIONING_PROFILE = "";
			};
			name = Release;
		};
		2C4E2E0F1D0BA2ED009F069D /* Debug */ = {
			isa = XCBuildConfiguration;
			baseConfigurationReference = 4D4E32FAB7D24F32D18C7E30 /* Pods-newmarketTests.debug.xcconfig */;
			buildSettings = {
				BUNDLE_LOADER = "$(TEST_HOST)";
				INFOPLIST_FILE = newmarketTests/Info.plist;
				LD_RUNPATH_SEARCH_PATHS = "$(inherited) @executable_path/Frameworks @loader_path/Frameworks";
				PRODUCT_BUNDLE_IDENTIFIER = "Les-Trois-Mousquetaires-de-HACKSONS.newmarketTests";
				PRODUCT_NAME = "$(TARGET_NAME)";
				TEST_HOST = "$(BUILT_PRODUCTS_DIR)/newmarket.app/newmarket";
			};
			name = Debug;
		};
		2C4E2E101D0BA2ED009F069D /* Release */ = {
			isa = XCBuildConfiguration;
			baseConfigurationReference = C181A29B1E102A2A651AD151 /* Pods-newmarketTests.release.xcconfig */;
			buildSettings = {
				BUNDLE_LOADER = "$(TEST_HOST)";
				INFOPLIST_FILE = newmarketTests/Info.plist;
				LD_RUNPATH_SEARCH_PATHS = "$(inherited) @executable_path/Frameworks @loader_path/Frameworks";
				PRODUCT_BUNDLE_IDENTIFIER = "Les-Trois-Mousquetaires-de-HACKSONS.newmarketTests";
				PRODUCT_NAME = "$(TARGET_NAME)";
				TEST_HOST = "$(BUILT_PRODUCTS_DIR)/newmarket.app/newmarket";
			};
			name = Release;
		};
		2C4E2E121D0BA2ED009F069D /* Debug */ = {
			isa = XCBuildConfiguration;
			baseConfigurationReference = B5505426942D215C3411FA39 /* Pods-newmarketUITests.debug.xcconfig */;
			buildSettings = {
				INFOPLIST_FILE = newmarketUITests/Info.plist;
				LD_RUNPATH_SEARCH_PATHS = "$(inherited) @executable_path/Frameworks @loader_path/Frameworks";
				PRODUCT_BUNDLE_IDENTIFIER = "Les-Trois-Mousquetaires-de-HACKSONS.newmarketUITests";
				PRODUCT_NAME = "$(TARGET_NAME)";
				TEST_TARGET_NAME = newmarket;
			};
			name = Debug;
		};
		2C4E2E131D0BA2ED009F069D /* Release */ = {
			isa = XCBuildConfiguration;
			baseConfigurationReference = 471C0725AD290B5233F51706 /* Pods-newmarketUITests.release.xcconfig */;
			buildSettings = {
				INFOPLIST_FILE = newmarketUITests/Info.plist;
				LD_RUNPATH_SEARCH_PATHS = "$(inherited) @executable_path/Frameworks @loader_path/Frameworks";
				PRODUCT_BUNDLE_IDENTIFIER = "Les-Trois-Mousquetaires-de-HACKSONS.newmarketUITests";
				PRODUCT_NAME = "$(TARGET_NAME)";
				TEST_TARGET_NAME = newmarket;
			};
			name = Release;
		};
/* End XCBuildConfiguration section */

/* Begin XCConfigurationList section */
		2C4E2DDE1D0BA2ED009F069D /* Build configuration list for PBXProject "newmarket" */ = {
			isa = XCConfigurationList;
			buildConfigurations = (
				2C4E2E091D0BA2ED009F069D /* Debug */,
				2C4E2E0A1D0BA2ED009F069D /* Release */,
			);
			defaultConfigurationIsVisible = 0;
			defaultConfigurationName = Release;
		};
		2C4E2E0B1D0BA2ED009F069D /* Build configuration list for PBXNativeTarget "newmarket" */ = {
			isa = XCConfigurationList;
			buildConfigurations = (
				2C4E2E0C1D0BA2ED009F069D /* Debug */,
				2C4E2E0D1D0BA2ED009F069D /* Release */,
			);
			defaultConfigurationIsVisible = 0;
			defaultConfigurationName = Release;
		};
		2C4E2E0E1D0BA2ED009F069D /* Build configuration list for PBXNativeTarget "newmarketTests" */ = {
			isa = XCConfigurationList;
			buildConfigurations = (
				2C4E2E0F1D0BA2ED009F069D /* Debug */,
				2C4E2E101D0BA2ED009F069D /* Release */,
			);
			defaultConfigurationIsVisible = 0;
			defaultConfigurationName = Release;
		};
		2C4E2E111D0BA2ED009F069D /* Build configuration list for PBXNativeTarget "newmarketUITests" */ = {
			isa = XCConfigurationList;
			buildConfigurations = (
				2C4E2E121D0BA2ED009F069D /* Debug */,
				2C4E2E131D0BA2ED009F069D /* Release */,
			);
			defaultConfigurationIsVisible = 0;
			defaultConfigurationName = Release;
		};
/* End XCConfigurationList section */
	};
	rootObject = 2C4E2DDB1D0BA2ED009F069D /* Project object */;
}
